
Microsoft Visual Studio Solution File, Format Version 12.00
# Visual Studio Version 17
VisualStudioVersion = 17.5.33516.290
MinimumVisualStudioVersion = 10.0.40219.1
Project("{9A19103F-16F7-4668-BE54-9A1E7A4F7556}") = "KONE.Business", "KONE.Business\KONE.Business.csproj", "{E98F58B1-B152-456E-BDD1-92F8B31D0BCC}"
EndProject
Project("{9A19103F-16F7-4668-BE54-9A1E7A4F7556}") = "KONE.DataAccess", "KONE.DataAccess\KONE.DataAccess.csproj", "{BC06A0F0-8106-4885-96B3-9F5547AAB533}"
EndProject
Project("{9A19103F-16F7-4668-BE54-9A1E7A4F7556}") = "KONE.Entities", "KONE.Entities\KONE.Entities.csproj", "{794CC0BC-1320-4B57-9BA9-E8FBDF374843}"
EndProject
Project("{9A19103F-16F7-4668-BE54-9A1E7A4F7556}") = "KONE.Shared", "KONE.Shared\KONE.Shared.csproj", "{340BDCCE-B96D-40DF-9A7B-E266ABA4C4A0}"
EndProject
Project("{9A19103F-16F7-4668-BE54-9A1E7A4F7556}") = "KONE.WebUI", "KONE.WebUI\KONE.WebUI.csproj", "{FDED937D-A584-4F08-A0B2-FE825D8F0ED5}"
EndProject
Global
	GlobalSection(SolutionConfigurationPlatforms) = preSolution
		Debug|Any CPU = Debug|Any CPU
		Release|Any CPU = Release|Any CPU
	EndGlobalSection
	GlobalSection(ProjectConfigurationPlatforms) = postSolution
		{E98F58B1-B152-456E-BDD1-92F8B31D0BCC}.Debug|Any CPU.ActiveCfg = Debug|Any CPU
		{E98F58B1-B152-456E-BDD1-92F8B31D0BCC}.Debug|Any CPU.Build.0 = Debug|Any CPU
		{E98F58B1-B152-456E-BDD1-92F8B31D0BCC}.Release|Any CPU.ActiveCfg = Release|Any CPU
		{E98F58B1-B152-456E-BDD1-92F8B31D0BCC}.Release|Any CPU.Build.0 = Release|Any CPU
		{BC06A0F0-8106-4885-96B3-9F5547AAB533}.Debug|Any CPU.ActiveCfg = Debug|Any CPU
		{BC06A0F0-8106-4885-96B3-9F5547AAB533}.Debug|Any CPU.Build.0 = Debug|Any CPU
		{BC06A0F0-8106-4885-96B3-9F5547AAB533}.Release|Any CPU.ActiveCfg = Release|Any CPU
		{BC06A0F0-8106-4885-96B3-9F5547AAB533}.Release|Any CPU.Build.0 = Release|Any CPU
		{794CC0BC-1320-4B57-9BA9-E8FBDF374843}.Debug|Any CPU.ActiveCfg = Debug|Any CPU
		{794CC0BC-1320-4B57-9BA9-E8FBDF374843}.Debug|Any CPU.Build.0 = Debug|Any CPU
		{794CC0BC-1320-4B57-9BA9-E8FBDF374843}.Release|Any CPU.ActiveCfg = Release|Any CPU
		{794CC0BC-1320-4B57-9BA9-E8FBDF374843}.Release|Any CPU.Build.0 = Release|Any CPU
		{340BDCCE-B96D-40DF-9A7B-E266ABA4C4A0}.Debug|Any CPU.ActiveCfg = Debug|Any CPU
		{340BDCCE-B96D-40DF-9A7B-E266ABA4C4A0}.Debug|Any CPU.Build.0 = Debug|Any CPU
		{340BDCCE-B96D-40DF-9A7B-E266ABA4C4A0}.Release|Any CPU.ActiveCfg = Release|Any CPU
		{340BDCCE-B96D-40DF-9A7B-E266ABA4C4A0}.Release|Any CPU.Build.0 = Release|Any CPU
		{FDED937D-A584-4F08-A0B2-FE825D8F0ED5}.Debug|Any CPU.ActiveCfg = Debug|Any CPU
		{FDED937D-A584-4F08-A0B2-FE825D8F0ED5}.Debug|Any CPU.Build.0 = Debug|Any CPU
		{FDED937D-A584-4F08-A0B2-FE825D8F0ED5}.Release|Any CPU.ActiveCfg = Release|Any CPU
		{FDED937D-A584-4F08-A0B2-FE825D8F0ED5}.Release|Any CPU.Build.0 = Release|Any CPU
	EndGlobalSection
	GlobalSection(SolutionProperties) = preSolution
		HideSolutionNode = FALSE
	EndGlobalSection
	GlobalSection(ExtensibilityGlobals) = postSolution
		SolutionGuid = {187E6819-253E-49D5-82D2-5BB93B1054E0}
	EndGlobalSection
EndGlobal
